// !$*UTF8*$!
{
	archiveVersion = 1;
	classes = {
	};
	objectVersion = 46;
	objects = {

/* Begin PBXBuildFile section */
		020A6C8A1CA84B5D003F9D99 /* AppDelegate.swift in Sources */ = {isa = PBXBuildFile; fileRef = 020A6C891CA84B5D003F9D99 /* AppDelegate.swift */; };
		020A6C8C1CA84B5D003F9D99 /* AddPinViewController.swift in Sources */ = {isa = PBXBuildFile; fileRef = 020A6C8B1CA84B5D003F9D99 /* AddPinViewController.swift */; };
		020A6C8F1CA84B5D003F9D99 /* Main.storyboard in Resources */ = {isa = PBXBuildFile; fileRef = 020A6C8D1CA84B5D003F9D99 /* Main.storyboard */; };
		020A6C921CA84B5D003F9D99 /* VirtualTourist.xcdatamodeld in Sources */ = {isa = PBXBuildFile; fileRef = 020A6C901CA84B5D003F9D99 /* VirtualTourist.xcdatamodeld */; };
		020A6C941CA84B5D003F9D99 /* Assets.xcassets in Resources */ = {isa = PBXBuildFile; fileRef = 020A6C931CA84B5D003F9D99 /* Assets.xcassets */; };
		020A6C971CA84B5D003F9D99 /* LaunchScreen.storyboard in Resources */ = {isa = PBXBuildFile; fileRef = 020A6C951CA84B5D003F9D99 /* LaunchScreen.storyboard */; };
		020A6CA21CA84B5D003F9D99 /* VirtualTouristTests.swift in Sources */ = {isa = PBXBuildFile; fileRef = 020A6CA11CA84B5D003F9D99 /* VirtualTouristTests.swift */; };
		020A6CAD1CA84B5D003F9D99 /* VirtualTouristUITests.swift in Sources */ = {isa = PBXBuildFile; fileRef = 020A6CAC1CA84B5D003F9D99 /* VirtualTouristUITests.swift */; };
		027FF9471CA87D7300F55D4D /* Picture.swift in Sources */ = {isa = PBXBuildFile; fileRef = 027FF9451CA87D7300F55D4D /* Picture.swift */; };
		027FF9481CA87D7300F55D4D /* Pin.swift in Sources */ = {isa = PBXBuildFile; fileRef = 027FF9461CA87D7300F55D4D /* Pin.swift */; };
		027FF94A1CA8917900F55D4D /* CoreDataStackManager.swift in Sources */ = {isa = PBXBuildFile; fileRef = 027FF9491CA8917900F55D4D /* CoreDataStackManager.swift */; };
		027FF94C1CA897CC00F55D4D /* PictureCell.swift in Sources */ = {isa = PBXBuildFile; fileRef = 027FF94B1CA897CC00F55D4D /* PictureCell.swift */; };
		02B4E5AE1CA858950018356A /* DeletePinViewController.swift in Sources */ = {isa = PBXBuildFile; fileRef = 02B4E5AD1CA858950018356A /* DeletePinViewController.swift */; };
		02B4E5B01CA8590A0018356A /* PinCollectionViewController.swift in Sources */ = {isa = PBXBuildFile; fileRef = 02B4E5AF1CA8590A0018356A /* PinCollectionViewController.swift */; };
		02B4E5B21CA85B820018356A /* MapKit.framework in Frameworks */ = {isa = PBXBuildFile; fileRef = 02B4E5B11CA85B820018356A /* MapKit.framework */; };
/* End PBXBuildFile section */

/* Begin PBXContainerItemProxy section */
		020A6C9E1CA84B5D003F9D99 /* PBXContainerItemProxy */ = {
			isa = PBXContainerItemProxy;
			containerPortal = 020A6C7E1CA84B5D003F9D99 /* Project object */;
			proxyType = 1;
			remoteGlobalIDString = 020A6C851CA84B5D003F9D99;
			remoteInfo = VirtualTourist;
		};
		020A6CA91CA84B5D003F9D99 /* PBXContainerItemProxy */ = {
			isa = PBXContainerItemProxy;
			containerPortal = 020A6C7E1CA84B5D003F9D99 /* Project object */;
			proxyType = 1;
			remoteGlobalIDString = 020A6C851CA84B5D003F9D99;
			remoteInfo = VirtualTourist;
		};
/* End PBXContainerItemProxy section */

/* Begin PBXFileReference section */
		020A6C861CA84B5D003F9D99 /* VirtualTourist.app */ = {isa = PBXFileReference; explicitFileType = wrapper.application; includeInIndex = 0; path = VirtualTourist.app; sourceTree = BUILT_PRODUCTS_DIR; };
		020A6C891CA84B5D003F9D99 /* AppDelegate.swift */ = {isa = PBXFileReference; lastKnownFileType = sourcecode.swift; path = AppDelegate.swift; sourceTree = "<group>"; };
		020A6C8B1CA84B5D003F9D99 /* AddPinViewController.swift */ = {isa = PBXFileReference; lastKnownFileType = sourcecode.swift; path = AddPinViewController.swift; sourceTree = "<group>"; };
		020A6C8E1CA84B5D003F9D99 /* Base */ = {isa = PBXFileReference; lastKnownFileType = file.storyboard; name = Base; path = Base.lproj/Main.storyboard; sourceTree = "<group>"; };
		020A6C911CA84B5D003F9D99 /* VirtualTourist.xcdatamodel */ = {isa = PBXFileReference; lastKnownFileType = wrapper.xcdatamodel; path = VirtualTourist.xcdatamodel; sourceTree = "<group>"; };
		020A6C931CA84B5D003F9D99 /* Assets.xcassets */ = {isa = PBXFileReference; lastKnownFileType = folder.assetcatalog; path = Assets.xcassets; sourceTree = "<group>"; };
		020A6C961CA84B5D003F9D99 /* Base */ = {isa = PBXFileReference; lastKnownFileType = file.storyboard; name = Base; path = Base.lproj/LaunchScreen.storyboard; sourceTree = "<group>"; };
		020A6C981CA84B5D003F9D99 /* Info.plist */ = {isa = PBXFileReference; lastKnownFileType = text.plist.xml; path = Info.plist; sourceTree = "<group>"; };
		020A6C9D1CA84B5D003F9D99 /* VirtualTouristTests.xctest */ = {isa = PBXFileReference; explicitFileType = wrapper.cfbundle; includeInIndex = 0; path = VirtualTouristTests.xctest; sourceTree = BUILT_PRODUCTS_DIR; };
		020A6CA11CA84B5D003F9D99 /* VirtualTouristTests.swift */ = {isa = PBXFileReference; lastKnownFileType = sourcecode.swift; path = VirtualTouristTests.swift; sourceTree = "<group>"; };
		020A6CA31CA84B5D003F9D99 /* Info.plist */ = {isa = PBXFileReference; lastKnownFileType = text.plist.xml; path = Info.plist; sourceTree = "<group>"; };
		020A6CA81CA84B5D003F9D99 /* VirtualTouristUITests.xctest */ = {isa = PBXFileReference; explicitFileType = wrapper.cfbundle; includeInIndex = 0; path = VirtualTouristUITests.xctest; sourceTree = BUILT_PRODUCTS_DIR; };
		020A6CAC1CA84B5D003F9D99 /* VirtualTouristUITests.swift */ = {isa = PBXFileReference; lastKnownFileType = sourcecode.swift; path = VirtualTouristUITests.swift; sourceTree = "<group>"; };
		020A6CAE1CA84B5D003F9D99 /* Info.plist */ = {isa = PBXFileReference; lastKnownFileType = text.plist.xml; path = Info.plist; sourceTree = "<group>"; };
		027FF9451CA87D7300F55D4D /* Picture.swift */ = {isa = PBXFileReference; fileEncoding = 4; lastKnownFileType = sourcecode.swift; path = Picture.swift; sourceTree = "<group>"; };
		027FF9461CA87D7300F55D4D /* Pin.swift */ = {isa = PBXFileReference; fileEncoding = 4; lastKnownFileType = sourcecode.swift; path = Pin.swift; sourceTree = "<group>"; };
		027FF9491CA8917900F55D4D /* CoreDataStackManager.swift */ = {isa = PBXFileReference; fileEncoding = 4; lastKnownFileType = sourcecode.swift; path = CoreDataStackManager.swift; sourceTree = "<group>"; };
		027FF94B1CA897CC00F55D4D /* PictureCell.swift */ = {isa = PBXFileReference; fileEncoding = 4; lastKnownFileType = sourcecode.swift; path = PictureCell.swift; sourceTree = "<group>"; };
		02B4E5AD1CA858950018356A /* DeletePinViewController.swift */ = {isa = PBXFileReference; fileEncoding = 4; lastKnownFileType = sourcecode.swift; path = DeletePinViewController.swift; sourceTree = "<group>"; };
		02B4E5AF1CA8590A0018356A /* PinCollectionViewController.swift */ = {isa = PBXFileReference; fileEncoding = 4; lastKnownFileType = sourcecode.swift; path = PinCollectionViewController.swift; sourceTree = "<group>"; };
		02B4E5B11CA85B820018356A /* MapKit.framework */ = {isa = PBXFileReference; lastKnownFileType = wrapper.framework; name = MapKit.framework; path = System/Library/Frameworks/MapKit.framework; sourceTree = SDKROOT; };
/* End PBXFileReference section */

/* Begin PBXFrameworksBuildPhase section */
		020A6C831CA84B5D003F9D99 /* Frameworks */ = {
			isa = PBXFrameworksBuildPhase;
			buildActionMask = 2147483647;
			files = (
				02B4E5B21CA85B820018356A /* MapKit.framework in Frameworks */,
			);
			runOnlyForDeploymentPostprocessing = 0;
		};
		020A6C9A1CA84B5D003F9D99 /* Frameworks */ = {
			isa = PBXFrameworksBuildPhase;
			buildActionMask = 2147483647;
			files = (
			);
			runOnlyForDeploymentPostprocessing = 0;
		};
		020A6CA51CA84B5D003F9D99 /* Frameworks */ = {
			isa = PBXFrameworksBuildPhase;
			buildActionMask = 2147483647;
			files = (
			);
			runOnlyForDeploymentPostprocessing = 0;
		};
/* End PBXFrameworksBuildPhase section */

/* Begin PBXGroup section */
		020A6C7D1CA84B5D003F9D99 = {
			isa = PBXGroup;
			children = (
				02B4E5B11CA85B820018356A /* MapKit.framework */,
				020A6C881CA84B5D003F9D99 /* VirtualTourist */,
				020A6CA01CA84B5D003F9D99 /* VirtualTouristTests */,
				020A6CAB1CA84B5D003F9D99 /* VirtualTouristUITests */,
				020A6C871CA84B5D003F9D99 /* Products */,
			);
			sourceTree = "<group>";
		};
		020A6C871CA84B5D003F9D99 /* Products */ = {
			isa = PBXGroup;
			children = (
				020A6C861CA84B5D003F9D99 /* VirtualTourist.app */,
				020A6C9D1CA84B5D003F9D99 /* VirtualTouristTests.xctest */,
				020A6CA81CA84B5D003F9D99 /* VirtualTouristUITests.xctest */,
			);
			name = Products;
			sourceTree = "<group>";
		};
		020A6C881CA84B5D003F9D99 /* VirtualTourist */ = {
			isa = PBXGroup;
			children = (
				027FF9451CA87D7300F55D4D /* Picture.swift */,
				027FF9461CA87D7300F55D4D /* Pin.swift */,
				020A6C891CA84B5D003F9D99 /* AppDelegate.swift */,
				020A6C8B1CA84B5D003F9D99 /* AddPinViewController.swift */,
				020A6C8D1CA84B5D003F9D99 /* Main.storyboard */,
				020A6C931CA84B5D003F9D99 /* Assets.xcassets */,
				020A6C951CA84B5D003F9D99 /* LaunchScreen.storyboard */,
				020A6C981CA84B5D003F9D99 /* Info.plist */,
				020A6C901CA84B5D003F9D99 /* VirtualTourist.xcdatamodeld */,
				02B4E5AD1CA858950018356A /* DeletePinViewController.swift */,
				02B4E5AF1CA8590A0018356A /* PinCollectionViewController.swift */,
				027FF9491CA8917900F55D4D /* CoreDataStackManager.swift */,
				027FF94B1CA897CC00F55D4D /* PictureCell.swift */,
			);
			path = VirtualTourist;
			sourceTree = "<group>";
		};
		020A6CA01CA84B5D003F9D99 /* VirtualTouristTests */ = {
			isa = PBXGroup;
			children = (
				020A6CA11CA84B5D003F9D99 /* VirtualTouristTests.swift */,
				020A6CA31CA84B5D003F9D99 /* Info.plist */,
			);
			path = VirtualTouristTests;
			sourceTree = "<group>";
		};
		020A6CAB1CA84B5D003F9D99 /* VirtualTouristUITests */ = {
			isa = PBXGroup;
			children = (
				020A6CAC1CA84B5D003F9D99 /* VirtualTouristUITests.swift */,
				020A6CAE1CA84B5D003F9D99 /* Info.plist */,
			);
			path = VirtualTouristUITests;
			sourceTree = "<group>";
		};
/* End PBXGroup section */

/* Begin PBXNativeTarget section */
		020A6C851CA84B5D003F9D99 /* VirtualTourist */ = {
			isa = PBXNativeTarget;
			buildConfigurationList = 020A6CB11CA84B5D003F9D99 /* Build configuration list for PBXNativeTarget "VirtualTourist" */;
			buildPhases = (
				020A6C821CA84B5D003F9D99 /* Sources */,
				020A6C831CA84B5D003F9D99 /* Frameworks */,
				020A6C841CA84B5D003F9D99 /* Resources */,
			);
			buildRules = (
			);
			dependencies = (
			);
			name = VirtualTourist;
			productName = VirtualTourist;
			productReference = 020A6C861CA84B5D003F9D99 /* VirtualTourist.app */;
			productType = "com.apple.product-type.application";
		};
		020A6C9C1CA84B5D003F9D99 /* VirtualTouristTests */ = {
			isa = PBXNativeTarget;
			buildConfigurationList = 020A6CB41CA84B5D003F9D99 /* Build configuration list for PBXNativeTarget "VirtualTouristTests" */;
			buildPhases = (
				020A6C991CA84B5D003F9D99 /* Sources */,
				020A6C9A1CA84B5D003F9D99 /* Frameworks */,
				020A6C9B1CA84B5D003F9D99 /* Resources */,
			);
			buildRules = (
			);
			dependencies = (
				020A6C9F1CA84B5D003F9D99 /* PBXTargetDependency */,
			);
			name = VirtualTouristTests;
			productName = VirtualTouristTests;
			productReference = 020A6C9D1CA84B5D003F9D99 /* VirtualTouristTests.xctest */;
			productType = "com.apple.product-type.bundle.unit-test";
		};
		020A6CA71CA84B5D003F9D99 /* VirtualTouristUITests */ = {
			isa = PBXNativeTarget;
			buildConfigurationList = 020A6CB71CA84B5D003F9D99 /* Build configuration list for PBXNativeTarget "VirtualTouristUITests" */;
			buildPhases = (
				020A6CA41CA84B5D003F9D99 /* Sources */,
				020A6CA51CA84B5D003F9D99 /* Frameworks */,
				020A6CA61CA84B5D003F9D99 /* Resources */,
			);
			buildRules = (
			);
			dependencies = (
				020A6CAA1CA84B5D003F9D99 /* PBXTargetDependency */,
			);
			name = VirtualTouristUITests;
			productName = VirtualTouristUITests;
			productReference = 020A6CA81CA84B5D003F9D99 /* VirtualTouristUITests.xctest */;
			productType = "com.apple.product-type.bundle.ui-testing";
		};
/* End PBXNativeTarget section */

/* Begin PBXProject section */
		020A6C7E1CA84B5D003F9D99 /* Project object */ = {
			isa = PBXProject;
			attributes = {
				LastSwiftUpdateCheck = 0720;
				LastUpgradeCheck = 0720;
				ORGANIZATIONNAME = Sae;
				TargetAttributes = {
					020A6C851CA84B5D003F9D99 = {
						CreatedOnToolsVersion = 7.2.1;
						DevelopmentTeam = 36JCJZBE3T;
					};
					020A6C9C1CA84B5D003F9D99 = {
						CreatedOnToolsVersion = 7.2.1;
						DevelopmentTeam = 36JCJZBE3T;
						TestTargetID = 020A6C851CA84B5D003F9D99;
					};
					020A6CA71CA84B5D003F9D99 = {
						CreatedOnToolsVersion = 7.2.1;
						DevelopmentTeam = 36JCJZBE3T;
						TestTargetID = 020A6C851CA84B5D003F9D99;
					};
				};
			};
			buildConfigurationList = 020A6C811CA84B5D003F9D99 /* Build configuration list for PBXProject "VirtualTourist" */;
			compatibilityVersion = "Xcode 3.2";
			developmentRegion = English;
			hasScannedForEncodings = 0;
			knownRegions = (
				en,
				Base,
			);
			mainGroup = 020A6C7D1CA84B5D003F9D99;
			productRefGroup = 020A6C871CA84B5D003F9D99 /* Products */;
			projectDirPath = "";
			projectRoot = "";
			targets = (
				020A6C851CA84B5D003F9D99 /* VirtualTourist */,
				020A6C9C1CA84B5D003F9D99 /* VirtualTouristTests */,
				020A6CA71CA84B5D003F9D99 /* VirtualTouristUITests */,
			);
		};
/* End PBXProject section */

/* Begin PBXResourcesBuildPhase section */
		020A6C841CA84B5D003F9D99 /* Resources */ = {
			isa = PBXResourcesBuildPhase;
			buildActionMask = 2147483647;
			files = (
				020A6C971CA84B5D003F9D99 /* LaunchScreen.storyboard in Resources */,
				020A6C941CA84B5D003F9D99 /* Assets.xcassets in Resources */,
				020A6C8F1CA84B5D003F9D99 /* Main.storyboard in Resources */,
			);
			runOnlyForDeploymentPostprocessing = 0;
		};
		020A6C9B1CA84B5D003F9D99 /* Resources */ = {
			isa = PBXResourcesBuildPhase;
			buildActionMask = 2147483647;
			files = (
			);
			runOnlyForDeploymentPostprocessing = 0;
		};
		020A6CA61CA84B5D003F9D99 /* Resources */ = {
			isa = PBXResourcesBuildPhase;
			buildActionMask = 2147483647;
			files = (
			);
			runOnlyForDeploymentPostprocessing = 0;
		};
/* End PBXResourcesBuildPhase section */

/* Begin PBXSourcesBuildPhase section */
		020A6C821CA84B5D003F9D99 /* Sources */ = {
			isa = PBXSourcesBuildPhase;
			buildActionMask = 2147483647;
			files = (
				027FF9481CA87D7300F55D4D /* Pin.swift in Sources */,
				027FF94A1CA8917900F55D4D /* CoreDataStackManager.swift in Sources */,
				027FF9471CA87D7300F55D4D /* Picture.swift in Sources */,
				020A6C8C1CA84B5D003F9D99 /* AddPinViewController.swift in Sources */,
				02B4E5AE1CA858950018356A /* DeletePinViewController.swift in Sources */,
				027FF94C1CA897CC00F55D4D /* PictureCell.swift in Sources */,
				020A6C8A1CA84B5D003F9D99 /* AppDelegate.swift in Sources */,
				020A6C921CA84B5D003F9D99 /* VirtualTourist.xcdatamodeld in Sources */,
				02B4E5B01CA8590A0018356A /* PinCollectionViewController.swift in Sources */,
			);
			runOnlyForDeploymentPostprocessing = 0;
		};
		020A6C991CA84B5D003F9D99 /* Sources */ = {
			isa = PBXSourcesBuildPhase;
			buildActionMask = 2147483647;
			files = (
				020A6CA21CA84B5D003F9D99 /* VirtualTouristTests.swift in Sources */,
			);
			runOnlyForDeploymentPostprocessing = 0;
		};
		020A6CA41CA84B5D003F9D99 /* Sources */ = {
			isa = PBXSourcesBuildPhase;
			buildActionMask = 2147483647;
			files = (
				020A6CAD1CA84B5D003F9D99 /* VirtualTouristUITests.swift in Sources */,
			);
			runOnlyForDeploymentPostprocessing = 0;
		};
/* End PBXSourcesBuildPhase section */

/* Begin PBXTargetDependency section */
		020A6C9F1CA84B5D003F9D99 /* PBXTargetDependency */ = {
			isa = PBXTargetDependency;
			target = 020A6C851CA84B5D003F9D99 /* VirtualTourist */;
			targetProxy = 020A6C9E1CA84B5D003F9D99 /* PBXContainerItemProxy */;
		};
		020A6CAA1CA84B5D003F9D99 /* PBXTargetDependency */ = {
			isa = PBXTargetDependency;
			target = 020A6C851CA84B5D003F9D99 /* VirtualTourist */;
			targetProxy = 020A6CA91CA84B5D003F9D99 /* PBXContainerItemProxy */;
		};
/* End PBXTargetDependency section */

/* Begin PBXVariantGroup section */
		020A6C8D1CA84B5D003F9D99 /* Main.storyboard */ = {
			isa = PBXVariantGroup;
			children = (
				020A6C8E1CA84B5D003F9D99 /* Base */,
			);
			name = Main.storyboard;
			sourceTree = "<group>";
		};
		020A6C951CA84B5D003F9D99 /* LaunchScreen.storyboard */ = {
			isa = PBXVariantGroup;
			children = (
				020A6C961CA84B5D003F9D99 /* Base */,
			);
			name = LaunchScreen.storyboard;
			sourceTree = "<group>";
		};
/* End PBXVariantGroup section */

/* Begin XCBuildConfiguration section */
		020A6CAF1CA84B5D003F9D99 /* Debug */ = {
			isa = XCBuildConfiguration;
			buildSettings = {
				ALWAYS_SEARCH_USER_PATHS = NO;
				CLANG_CXX_LANGUAGE_STANDARD = "gnu++0x";
				CLANG_CXX_LIBRARY = "libc++";
				CLANG_ENABLE_MODULES = YES;
				CLANG_ENABLE_OBJC_ARC = YES;
				CLANG_WARN_BOOL_CONVERSION = YES;
				CLANG_WARN_CONSTANT_CONVERSION = YES;
				CLANG_WARN_DIRECT_OBJC_ISA_USAGE = YES_ERROR;
				CLANG_WARN_EMPTY_BODY = YES;
				CLANG_WARN_ENUM_CONVERSION = YES;
				CLANG_WARN_INT_CONVERSION = YES;
				CLANG_WARN_OBJC_ROOT_CLASS = YES_ERROR;
				CLANG_WARN_UNREACHABLE_CODE = YES;
				CLANG_WARN__DUPLICATE_METHOD_MATCH = YES;
				"CODE_SIGN_IDENTITY[sdk=iphoneos*]" = "iPhone Developer";
				COPY_PHASE_STRIP = NO;
				DEBUG_INFORMATION_FORMAT = dwarf;
				ENABLE_STRICT_OBJC_MSGSEND = YES;
				ENABLE_TESTABILITY = YES;
				GCC_C_LANGUAGE_STANDARD = gnu99;
				GCC_DYNAMIC_NO_PIC = NO;
				GCC_NO_COMMON_BLOCKS = YES;
				GCC_OPTIMIZATION_LEVEL = 0;
				GCC_PREPROCESSOR_DEFINITIONS = (
					"DEBUG=1",
					"$(inherited)",
				);
				GCC_WARN_64_TO_32_BIT_CONVERSION = YES;
				GCC_WARN_ABOUT_RETURN_TYPE = YES_ERROR;
				GCC_WARN_UNDECLARED_SELECTOR = YES;
				GCC_WARN_UNINITIALIZED_AUTOS = YES_AGGRESSIVE;
				GCC_WARN_UNUSED_FUNCTION = YES;
				GCC_WARN_UNUSED_VARIABLE = YES;
				IPHONEOS_DEPLOYMENT_TARGET = 9.2;
				MTL_ENABLE_DEBUG_INFO = YES;
				ONLY_ACTIVE_ARCH = YES;
				SDKROOT = iphoneos;
				SWIFT_OPTIMIZATION_LEVEL = "-Onone";
				TARGETED_DEVICE_FAMILY = "1,2";
			};
			name = Debug;
		};
		020A6CB01CA84B5D003F9D99 /* Release */ = {
			isa = XCBuildConfiguration;
			buildSettings = {
				ALWAYS_SEARCH_USER_PATHS = NO;
				CLANG_CXX_LANGUAGE_STANDARD = "gnu++0x";
				CLANG_CXX_LIBRARY = "libc++";
				CLANG_ENABLE_MODULES = YES;
				CLANG_ENABLE_OBJC_ARC = YES;
				CLANG_WARN_BOOL_CONVERSION = YES;
				CLANG_WARN_CONSTANT_CONVERSION = YES;
				CLANG_WARN_DIRECT_OBJC_ISA_USAGE = YES_ERROR;
				CLANG_WARN_EMPTY_BODY = YES;
				CLANG_WARN_ENUM_CONVERSION = YES;
				CLANG_WARN_INT_CONVERSION = YES;
				CLANG_WARN_OBJC_ROOT_CLASS = YES_ERROR;
				CLANG_WARN_UNREACHABLE_CODE = YES;
				CLANG_WARN__DUPLICATE_METHOD_MATCH = YES;
				"CODE_SIGN_IDENTITY[sdk=iphoneos*]" = "iPhone Developer";
				COPY_PHASE_STRIP = NO;
				DEBUG_INFORMATION_FORMAT = "dwarf-with-dsym";
				ENABLE_NS_ASSERTIONS = NO;
				ENABLE_STRICT_OBJC_MSGSEND = YES;
				GCC_C_LANGUAGE_STANDARD = gnu99;
				GCC_NO_COMMON_BLOCKS = YES;
				GCC_WARN_64_TO_32_BIT_CONVERSION = YES;
				GCC_WARN_ABOUT_RETURN_TYPE = YES_ERROR;
				GCC_WARN_UNDECLARED_SELECTOR = YES;
				GCC_WARN_UNINITIALIZED_AUTOS = YES_AGGRESSIVE;
				GCC_WARN_UNUSED_FUNCTION = YES;
				GCC_WARN_UNUSED_VARIABLE = YES;
				IPHONEOS_DEPLOYMENT_TARGET = 9.2;
				MTL_ENABLE_DEBUG_INFO = NO;
				SDKROOT = iphoneos;
				TARGETED_DEVICE_FAMILY = "1,2";
				VALIDATE_PRODUCT = YES;
			};
			name = Release;
		};
		020A6CB21CA84B5D003F9D99 /* Debug */ = {
			isa = XCBuildConfiguration;
			buildSettings = {
				ASSETCATALOG_COMPILER_APPICON_NAME = AppIcon;
				INFOPLIST_FILE = VirtualTourist/Info.plist;
				LD_RUNPATH_SEARCH_PATHS = "$(inherited) @executable_path/Frameworks";
				PRODUCT_BUNDLE_IDENTIFIER = S.VirtualTourist;
				PRODUCT_NAME = "$(TARGET_NAME)";
			};
			name = Debug;
		};
		020A6CB31CA84B5D003F9D99 /* Release */ = {
			isa = XCBuildConfiguration;
			buildSettings = {
				ASSETCATALOG_COMPILER_APPICON_NAME = AppIcon;
				INFOPLIST_FILE = VirtualTourist/Info.plist;
				LD_RUNPATH_SEARCH_PATHS = "$(inherited) @executable_path/Frameworks";
				PRODUCT_BUNDLE_IDENTIFIER = S.VirtualTourist;
				PRODUCT_NAME = "$(TARGET_NAME)";
			};
			name = Release;
		};
		020A6CB51CA84B5D003F9D99 /* Debug */ = {
			isa = XCBuildConfiguration;
			buildSettings = {
				BUNDLE_LOADER = "$(TEST_HOST)";
				INFOPLIST_FILE = VirtualTouristTests/Info.plist;
				LD_RUNPATH_SEARCH_PATHS = "$(inherited) @executable_path/Frameworks @loader_path/Frameworks";
				PRODUCT_BUNDLE_IDENTIFIER = S.VirtualTouristTests;
				PRODUCT_NAME = "$(TARGET_NAME)";
				TEST_HOST = "$(BUILT_PRODUCTS_DIR)/VirtualTourist.app/VirtualTourist";
			};
			name = Debug;
		};
		020A6CB61CA84B5D003F9D99 /* Release */ = {
			isa = XCBuildConfiguration;
			buildSettings = {
				BUNDLE_LOADER = "$(TEST_HOST)";
				INFOPLIST_FILE = VirtualTouristTests/Info.plist;
				LD_RUNPATH_SEARCH_PATHS = "$(inherited) @executable_path/Frameworks @loader_path/Frameworks";
				PRODUCT_BUNDLE_IDENTIFIER = S.VirtualTouristTests;
				PRODUCT_NAME = "$(TARGET_NAME)";
				TEST_HOST = "$(BUILT_PRODUCTS_DIR)/VirtualTourist.app/VirtualTourist";
			};
			name = Release;
		};
		020A6CB81CA84B5D003F9D99 /* Debug */ = {
			isa = XCBuildConfiguration;
			buildSettings = {
				INFOPLIST_FILE = VirtualTouristUITests/Info.plist;
				LD_RUNPATH_SEARCH_PATHS = "$(inherited) @executable_path/Frameworks @loader_path/Frameworks";
				PRODUCT_BUNDLE_IDENTIFIER = S.VirtualTouristUITests;
				PRODUCT_NAME = "$(TARGET_NAME)";
				TEST_TARGET_NAME = VirtualTourist;
				USES_XCTRUNNER = YES;
			};
			name = Debug;
		};
		020A6CB91CA84B5D003F9D99 /* Release */ = {
			isa = XCBuildConfiguration;
			buildSettings = {
				INFOPLIST_FILE = VirtualTouristUITests/Info.plist;
				LD_RUNPATH_SEARCH_PATHS = "$(inherited) @executable_path/Frameworks @loader_path/Frameworks";
				PRODUCT_BUNDLE_IDENTIFIER = S.VirtualTouristUITests;
				PRODUCT_NAME = "$(TARGET_NAME)";
				TEST_TARGET_NAME = VirtualTourist;
				USES_XCTRUNNER = YES;
			};
			name = Release;
		};
/* End XCBuildConfiguration section */

/* Begin XCConfigurationList section */
		020A6C811CA84B5D003F9D99 /* Build configuration list for PBXProject "VirtualTourist" */ = {
			isa = XCConfigurationList;
			buildConfigurations = (
				020A6CAF1CA84B5D003F9D99 /* Debug */,
				020A6CB01CA84B5D003F9D99 /* Release */,
			);
			defaultConfigurationIsVisible = 0;
			defaultConfigurationName = Release;
		};
		020A6CB11CA84B5D003F9D99 /* Build configuration list for PBXNativeTarget "VirtualTourist" */ = {
			isa = XCConfigurationList;
			buildConfigurations = (
				020A6CB21CA84B5D003F9D99 /* Debug */,
				020A6CB31CA84B5D003F9D99 /* Release */,
			);
			defaultConfigurationIsVisible = 0;
			defaultConfigurationName = Release;
		};
		020A6CB41CA84B5D003F9D99 /* Build configuration list for PBXNativeTarget "VirtualTouristTests" */ = {
			isa = XCConfigurationList;
			buildConfigurations = (
				020A6CB51CA84B5D003F9D99 /* Debug */,
				020A6CB61CA84B5D003F9D99 /* Release */,
			);
			defaultConfigurationIsVisible = 0;
			defaultConfigurationName = Release;
		};
		020A6CB71CA84B5D003F9D99 /* Build configuration list for PBXNativeTarget "VirtualTouristUITests" */ = {
			isa = XCConfigurationList;
			buildConfigurations = (
				020A6CB81CA84B5D003F9D99 /* Debug */,
				020A6CB91CA84B5D003F9D99 /* Release */,
			);
			defaultConfigurationIsVisible = 0;
			defaultConfigurationName = Release;
		};
/* End XCConfigurationList section */

/* Begin XCVersionGroup section */
		020A6C901CA84B5D003F9D99 /* VirtualTourist.xcdatamodeld */ = {
			isa = XCVersionGroup;
			children = (
				020A6C911CA84B5D003F9D99 /* VirtualTourist.xcdatamodel */,
			);
			currentVersion = 020A6C911CA84B5D003F9D99 /* VirtualTourist.xcdatamodel */;
			path = VirtualTourist.xcdatamodeld;
			sourceTree = "<group>";
			versionGroupType = wrapper.xcdatamodel;
		};
/* End XCVersionGroup section */
	};
	rootObject = 020A6C7E1CA84B5D003F9D99 /* Project object */;
}
